
Microsoft Visual Studio Solution File, Format Version 12.00
# Visual Studio Version 16
VisualStudioVersion = 16.0.32002.261
MinimumVisualStudioVersion = 10.0.40219.1
Project("{FAE04EC0-301F-11D3-BF4B-00C04F79EFBC}") = "22-02-22 classes ex 3", "22-02-22 classes ex 3\22-02-22 classes ex 3.csproj", "{1518BED7-84CB-4985-8F93-2AA35ABCC41D}"
EndProject
Global
	GlobalSection(SolutionConfigurationPlatforms) = preSolution
		Debug|Any CPU = Debug|Any CPU
		Release|Any CPU = Release|Any CPU
	EndGlobalSection
	GlobalSection(ProjectConfigurationPlatforms) = postSolution
		{1518BED7-84CB-4985-8F93-2AA35ABCC41D}.Debug|Any CPU.ActiveCfg = Debug|Any CPU
		{1518BED7-84CB-4985-8F93-2AA35ABCC41D}.Debug|Any CPU.Build.0 = Debug|Any CPU
		{1518BED7-84CB-4985-8F93-2AA35ABCC41D}.Release|Any CPU.ActiveCfg = Release|Any CPU
		{1518BED7-84CB-4985-8F93-2AA35ABCC41D}.Release|Any CPU.Build.0 = Release|Any CPU
	EndGlobalSection
	GlobalSection(SolutionProperties) = preSolution
		HideSolutionNode = FALSE
	EndGlobalSection
	GlobalSection(ExtensibilityGlobals) = postSolution
		SolutionGuid = {7CE01911-CEA2-43CD-A56F-091E850A8AAC}
	EndGlobalSection
EndGlobal
